// !$*UTF8*$!
{
	archiveVersion = 1;
	classes = {
	};
	objectVersion = 50;
	objects = {

/* Begin PBXBuildFile section */
		1B5DFF0324CB1EF20011CB56 /* AppDelegate.swift in Sources */ = {isa = PBXBuildFile; fileRef = 1B5DFF0224CB1EF20011CB56 /* AppDelegate.swift */; };
		1B5DFF0524CB1EF20011CB56 /* SceneDelegate.swift in Sources */ = {isa = PBXBuildFile; fileRef = 1B5DFF0424CB1EF20011CB56 /* SceneDelegate.swift */; };
		1B5DFF0724CB1EF20011CB56 /* ViewController.swift in Sources */ = {isa = PBXBuildFile; fileRef = 1B5DFF0624CB1EF20011CB56 /* ViewController.swift */; };
		1B5DFF0A24CB1EF20011CB56 /* Main.storyboard in Resources */ = {isa = PBXBuildFile; fileRef = 1B5DFF0824CB1EF20011CB56 /* Main.storyboard */; };
		1B5DFF0C24CB1EF40011CB56 /* Assets.xcassets in Resources */ = {isa = PBXBuildFile; fileRef = 1B5DFF0B24CB1EF40011CB56 /* Assets.xcassets */; };
		1B5DFF0F24CB1EF40011CB56 /* LaunchScreen.storyboard in Resources */ = {isa = PBXBuildFile; fileRef = 1B5DFF0D24CB1EF40011CB56 /* LaunchScreen.storyboard */; };
		1B5DFF1A24CB1EF40011CB56 /* CleanSwiftAppTests.swift in Sources */ = {isa = PBXBuildFile; fileRef = 1B5DFF1924CB1EF40011CB56 /* CleanSwiftAppTests.swift */; };
		1B5DFF2524CB1EF40011CB56 /* CleanSwiftAppUITests.swift in Sources */ = {isa = PBXBuildFile; fileRef = 1B5DFF2424CB1EF40011CB56 /* CleanSwiftAppUITests.swift */; };
/* End PBXBuildFile section */

/* Begin PBXContainerItemProxy section */
		1B5DFF1624CB1EF40011CB56 /* PBXContainerItemProxy */ = {
			isa = PBXContainerItemProxy;
			containerPortal = 1B5DFEF724CB1EF20011CB56 /* Project object */;
			proxyType = 1;
			remoteGlobalIDString = 1B5DFEFE24CB1EF20011CB56;
			remoteInfo = CleanSwiftApp;
		};
		1B5DFF2124CB1EF40011CB56 /* PBXContainerItemProxy */ = {
			isa = PBXContainerItemProxy;
			containerPortal = 1B5DFEF724CB1EF20011CB56 /* Project object */;
			proxyType = 1;
			remoteGlobalIDString = 1B5DFEFE24CB1EF20011CB56;
			remoteInfo = CleanSwiftApp;
		};
/* End PBXContainerItemProxy section */

/* Begin PBXFileReference section */
		1B5DFEFF24CB1EF20011CB56 /* CleanSwiftApp.app */ = {isa = PBXFileReference; explicitFileType = wrapper.application; includeInIndex = 0; path = CleanSwiftApp.app; sourceTree = BUILT_PRODUCTS_DIR; };
		1B5DFF0224CB1EF20011CB56 /* AppDelegate.swift */ = {isa = PBXFileReference; lastKnownFileType = sourcecode.swift; path = AppDelegate.swift; sourceTree = "<group>"; };
		1B5DFF0424CB1EF20011CB56 /* SceneDelegate.swift */ = {isa = PBXFileReference; lastKnownFileType = sourcecode.swift; path = SceneDelegate.swift; sourceTree = "<group>"; };
		1B5DFF0624CB1EF20011CB56 /* ViewController.swift */ = {isa = PBXFileReference; lastKnownFileType = sourcecode.swift; path = ViewController.swift; sourceTree = "<group>"; };
		1B5DFF0924CB1EF20011CB56 /* Base */ = {isa = PBXFileReference; lastKnownFileType = file.storyboard; name = Base; path = Base.lproj/Main.storyboard; sourceTree = "<group>"; };
		1B5DFF0B24CB1EF40011CB56 /* Assets.xcassets */ = {isa = PBXFileReference; lastKnownFileType = folder.assetcatalog; path = Assets.xcassets; sourceTree = "<group>"; };
		1B5DFF0E24CB1EF40011CB56 /* Base */ = {isa = PBXFileReference; lastKnownFileType = file.storyboard; name = Base; path = Base.lproj/LaunchScreen.storyboard; sourceTree = "<group>"; };
		1B5DFF1024CB1EF40011CB56 /* Info.plist */ = {isa = PBXFileReference; lastKnownFileType = text.plist.xml; path = Info.plist; sourceTree = "<group>"; };
		1B5DFF1524CB1EF40011CB56 /* CleanSwiftAppTests.xctest */ = {isa = PBXFileReference; explicitFileType = wrapper.cfbundle; includeInIndex = 0; path = CleanSwiftAppTests.xctest; sourceTree = BUILT_PRODUCTS_DIR; };
		1B5DFF1924CB1EF40011CB56 /* CleanSwiftAppTests.swift */ = {isa = PBXFileReference; lastKnownFileType = sourcecode.swift; path = CleanSwiftAppTests.swift; sourceTree = "<group>"; };
		1B5DFF1B24CB1EF40011CB56 /* Info.plist */ = {isa = PBXFileReference; lastKnownFileType = text.plist.xml; path = Info.plist; sourceTree = "<group>"; };
		1B5DFF2024CB1EF40011CB56 /* CleanSwiftAppUITests.xctest */ = {isa = PBXFileReference; explicitFileType = wrapper.cfbundle; includeInIndex = 0; path = CleanSwiftAppUITests.xctest; sourceTree = BUILT_PRODUCTS_DIR; };
		1B5DFF2424CB1EF40011CB56 /* CleanSwiftAppUITests.swift */ = {isa = PBXFileReference; lastKnownFileType = sourcecode.swift; path = CleanSwiftAppUITests.swift; sourceTree = "<group>"; };
		1B5DFF2624CB1EF40011CB56 /* Info.plist */ = {isa = PBXFileReference; lastKnownFileType = text.plist.xml; path = Info.plist; sourceTree = "<group>"; };
/* End PBXFileReference section */

/* Begin PBXFrameworksBuildPhase section */
		1B5DFEFC24CB1EF20011CB56 /* Frameworks */ = {
			isa = PBXFrameworksBuildPhase;
			buildActionMask = 2147483647;
			files = (
			);
			runOnlyForDeploymentPostprocessing = 0;
		};
		1B5DFF1224CB1EF40011CB56 /* Frameworks */ = {
			isa = PBXFrameworksBuildPhase;
			buildActionMask = 2147483647;
			files = (
			);
			runOnlyForDeploymentPostprocessing = 0;
		};
		1B5DFF1D24CB1EF40011CB56 /* Frameworks */ = {
			isa = PBXFrameworksBuildPhase;
			buildActionMask = 2147483647;
			files = (
			);
			runOnlyForDeploymentPostprocessing = 0;
		};
/* End PBXFrameworksBuildPhase section */

/* Begin PBXGroup section */
		1B5DFEF624CB1EF20011CB56 = {
			isa = PBXGroup;
			children = (
				1B5DFF0124CB1EF20011CB56 /* CleanSwiftApp */,
				1B5DFF1824CB1EF40011CB56 /* CleanSwiftAppTests */,
				1B5DFF2324CB1EF40011CB56 /* CleanSwiftAppUITests */,
				1B5DFF0024CB1EF20011CB56 /* Products */,
			);
			sourceTree = "<group>";
		};
		1B5DFF0024CB1EF20011CB56 /* Products */ = {
			isa = PBXGroup;
			children = (
				1B5DFEFF24CB1EF20011CB56 /* CleanSwiftApp.app */,
				1B5DFF1524CB1EF40011CB56 /* CleanSwiftAppTests.xctest */,
				1B5DFF2024CB1EF40011CB56 /* CleanSwiftAppUITests.xctest */,
			);
			name = Products;
			sourceTree = "<group>";
		};
		1B5DFF0124CB1EF20011CB56 /* CleanSwiftApp */ = {
			isa = PBXGroup;
			children = (
				1B5DFF0224CB1EF20011CB56 /* AppDelegate.swift */,
				1B5DFF0424CB1EF20011CB56 /* SceneDelegate.swift */,
				1B5DFF0624CB1EF20011CB56 /* ViewController.swift */,
				1B5DFF0824CB1EF20011CB56 /* Main.storyboard */,
				1B5DFF0B24CB1EF40011CB56 /* Assets.xcassets */,
				1B5DFF0D24CB1EF40011CB56 /* LaunchScreen.storyboard */,
				1B5DFF1024CB1EF40011CB56 /* Info.plist */,
			);
			path = CleanSwiftApp;
			sourceTree = "<group>";
		};
		1B5DFF1824CB1EF40011CB56 /* CleanSwiftAppTests */ = {
			isa = PBXGroup;
			children = (
				1B5DFF1924CB1EF40011CB56 /* CleanSwiftAppTests.swift */,
				1B5DFF1B24CB1EF40011CB56 /* Info.plist */,
			);
			path = CleanSwiftAppTests;
			sourceTree = "<group>";
		};
		1B5DFF2324CB1EF40011CB56 /* CleanSwiftAppUITests */ = {
			isa = PBXGroup;
			children = (
				1B5DFF2424CB1EF40011CB56 /* CleanSwiftAppUITests.swift */,
				1B5DFF2624CB1EF40011CB56 /* Info.plist */,
			);
			path = CleanSwiftAppUITests;
			sourceTree = "<group>";
		};
/* End PBXGroup section */

/* Begin PBXNativeTarget section */
		1B5DFEFE24CB1EF20011CB56 /* CleanSwiftApp */ = {
			isa = PBXNativeTarget;
			buildConfigurationList = 1B5DFF2924CB1EF40011CB56 /* Build configuration list for PBXNativeTarget "CleanSwiftApp" */;
			buildPhases = (
				1B5DFEFB24CB1EF20011CB56 /* Sources */,
				1B5DFEFC24CB1EF20011CB56 /* Frameworks */,
				1B5DFEFD24CB1EF20011CB56 /* Resources */,
			);
			buildRules = (
			);
			dependencies = (
			);
			name = CleanSwiftApp;
			productName = CleanSwiftApp;
			productReference = 1B5DFEFF24CB1EF20011CB56 /* CleanSwiftApp.app */;
			productType = "com.apple.product-type.application";
		};
		1B5DFF1424CB1EF40011CB56 /* CleanSwiftAppTests */ = {
			isa = PBXNativeTarget;
			buildConfigurationList = 1B5DFF2C24CB1EF40011CB56 /* Build configuration list for PBXNativeTarget "CleanSwiftAppTests" */;
			buildPhases = (
				1B5DFF1124CB1EF40011CB56 /* Sources */,
				1B5DFF1224CB1EF40011CB56 /* Frameworks */,
				1B5DFF1324CB1EF40011CB56 /* Resources */,
			);
			buildRules = (
			);
			dependencies = (
				1B5DFF1724CB1EF40011CB56 /* PBXTargetDependency */,
			);
			name = CleanSwiftAppTests;
			productName = CleanSwiftAppTests;
			productReference = 1B5DFF1524CB1EF40011CB56 /* CleanSwiftAppTests.xctest */;
			productType = "com.apple.product-type.bundle.unit-test";
		};
		1B5DFF1F24CB1EF40011CB56 /* CleanSwiftAppUITests */ = {
			isa = PBXNativeTarget;
			buildConfigurationList = 1B5DFF2F24CB1EF40011CB56 /* Build configuration list for PBXNativeTarget "CleanSwiftAppUITests" */;
			buildPhases = (
				1B5DFF1C24CB1EF40011CB56 /* Sources */,
				1B5DFF1D24CB1EF40011CB56 /* Frameworks */,
				1B5DFF1E24CB1EF40011CB56 /* Resources */,
			);
			buildRules = (
			);
			dependencies = (
				1B5DFF2224CB1EF40011CB56 /* PBXTargetDependency */,
			);
			name = CleanSwiftAppUITests;
			productName = CleanSwiftAppUITests;
			productReference = 1B5DFF2024CB1EF40011CB56 /* CleanSwiftAppUITests.xctest */;
			productType = "com.apple.product-type.bundle.ui-testing";
		};
/* End PBXNativeTarget section */

/* Begin PBXProject section */
		1B5DFEF724CB1EF20011CB56 /* Project object */ = {
			isa = PBXProject;
			attributes = {
				LastSwiftUpdateCheck = 1160;
				LastUpgradeCheck = 1160;
				ORGANIZATIONNAME = BRV;
				TargetAttributes = {
					1B5DFEFE24CB1EF20011CB56 = {
						CreatedOnToolsVersion = 11.6;
					};
					1B5DFF1424CB1EF40011CB56 = {
						CreatedOnToolsVersion = 11.6;
						TestTargetID = 1B5DFEFE24CB1EF20011CB56;
					};
					1B5DFF1F24CB1EF40011CB56 = {
						CreatedOnToolsVersion = 11.6;
						TestTargetID = 1B5DFEFE24CB1EF20011CB56;
					};
				};
			};
			buildConfigurationList = 1B5DFEFA24CB1EF20011CB56 /* Build configuration list for PBXProject "CleanSwiftApp" */;
			compatibilityVersion = "Xcode 9.3";
			developmentRegion = en;
			hasScannedForEncodings = 0;
			knownRegions = (
				en,
				Base,
			);
			mainGroup = 1B5DFEF624CB1EF20011CB56;
			productRefGroup = 1B5DFF0024CB1EF20011CB56 /* Products */;
			projectDirPath = "";
			projectRoot = "";
			targets = (
				1B5DFEFE24CB1EF20011CB56 /* CleanSwiftApp */,
				1B5DFF1424CB1EF40011CB56 /* CleanSwiftAppTests */,
				1B5DFF1F24CB1EF40011CB56 /* CleanSwiftAppUITests */,
			);
		};
/* End PBXProject section */

/* Begin PBXResourcesBuildPhase section */
		1B5DFEFD24CB1EF20011CB56 /* Resources */ = {
			isa = PBXResourcesBuildPhase;
			buildActionMask = 2147483647;
			files = (
				1B5DFF0F24CB1EF40011CB56 /* LaunchScreen.storyboard in Resources */,
				1B5DFF0C24CB1EF40011CB56 /* Assets.xcassets in Resources */,
				1B5DFF0A24CB1EF20011CB56 /* Main.storyboard in Resources */,
			);
			runOnlyForDeploymentPostprocessing = 0;
		};
		1B5DFF1324CB1EF40011CB56 /* Resources */ = {
			isa = PBXResourcesBuildPhase;
			buildActionMask = 2147483647;
			files = (
			);
			runOnlyForDeploymentPostprocessing = 0;
		};
		1B5DFF1E24CB1EF40011CB56 /* Resources */ = {
			isa = PBXResourcesBuildPhase;
			buildActionMask = 2147483647;
			files = (
			);
			runOnlyForDeploymentPostprocessing = 0;
		};
/* End PBXResourcesBuildPhase section */

/* Begin PBXSourcesBuildPhase section */
		1B5DFEFB24CB1EF20011CB56 /* Sources */ = {
			isa = PBXSourcesBuildPhase;
			buildActionMask = 2147483647;
			files = (
				1B5DFF0724CB1EF20011CB56 /* ViewController.swift in Sources */,
				1B5DFF0324CB1EF20011CB56 /* AppDelegate.swift in Sources */,
				1B5DFF0524CB1EF20011CB56 /* SceneDelegate.swift in Sources */,
			);
			runOnlyForDeploymentPostprocessing = 0;
		};
		1B5DFF1124CB1EF40011CB56 /* Sources */ = {
			isa = PBXSourcesBuildPhase;
			buildActionMask = 2147483647;
			files = (
				1B5DFF1A24CB1EF40011CB56 /* CleanSwiftAppTests.swift in Sources */,
			);
			runOnlyForDeploymentPostprocessing = 0;
		};
		1B5DFF1C24CB1EF40011CB56 /* Sources */ = {
			isa = PBXSourcesBuildPhase;
			buildActionMask = 2147483647;
			files = (
				1B5DFF2524CB1EF40011CB56 /* CleanSwiftAppUITests.swift in Sources */,
			);
			runOnlyForDeploymentPostprocessing = 0;
		};
/* End PBXSourcesBuildPhase section */

/* Begin PBXTargetDependency section */
		1B5DFF1724CB1EF40011CB56 /* PBXTargetDependency */ = {
			isa = PBXTargetDependency;
			target = 1B5DFEFE24CB1EF20011CB56 /* CleanSwiftApp */;
			targetProxy = 1B5DFF1624CB1EF40011CB56 /* PBXContainerItemProxy */;
		};
		1B5DFF2224CB1EF40011CB56 /* PBXTargetDependency */ = {
			isa = PBXTargetDependency;
			target = 1B5DFEFE24CB1EF20011CB56 /* CleanSwiftApp */;
			targetProxy = 1B5DFF2124CB1EF40011CB56 /* PBXContainerItemProxy */;
		};
/* End PBXTargetDependency section */

/* Begin PBXVariantGroup section */
		1B5DFF0824CB1EF20011CB56 /* Main.storyboard */ = {
			isa = PBXVariantGroup;
			children = (
				1B5DFF0924CB1EF20011CB56 /* Base */,
			);
			name = Main.storyboard;
			sourceTree = "<group>";
		};
		1B5DFF0D24CB1EF40011CB56 /* LaunchScreen.storyboard */ = {
			isa = PBXVariantGroup;
			children = (
				1B5DFF0E24CB1EF40011CB56 /* Base */,
			);
			name = LaunchScreen.storyboard;
			sourceTree = "<group>";
		};
/* End PBXVariantGroup section */

/* Begin XCBuildConfiguration section */
		1B5DFF2724CB1EF40011CB56 /* Debug */ = {
			isa = XCBuildConfiguration;
			buildSettings = {
				ALWAYS_SEARCH_USER_PATHS = NO;
				CLANG_ANALYZER_NONNULL = YES;
				CLANG_ANALYZER_NUMBER_OBJECT_CONVERSION = YES_AGGRESSIVE;
				CLANG_CXX_LANGUAGE_STANDARD = "gnu++14";
				CLANG_CXX_LIBRARY = "libc++";
				CLANG_ENABLE_MODULES = YES;
				CLANG_ENABLE_OBJC_ARC = YES;
				CLANG_ENABLE_OBJC_WEAK = YES;
				CLANG_WARN_BLOCK_CAPTURE_AUTORELEASING = YES;
				CLANG_WARN_BOOL_CONVERSION = YES;
				CLANG_WARN_COMMA = YES;
				CLANG_WARN_CONSTANT_CONVERSION = YES;
				CLANG_WARN_DEPRECATED_OBJC_IMPLEMENTATIONS = YES;
				CLANG_WARN_DIRECT_OBJC_ISA_USAGE = YES_ERROR;
				CLANG_WARN_DOCUMENTATION_COMMENTS = YES;
				CLANG_WARN_EMPTY_BODY = YES;
				CLANG_WARN_ENUM_CONVERSION = YES;
				CLANG_WARN_INFINITE_RECURSION = YES;
				CLANG_WARN_INT_CONVERSION = YES;
				CLANG_WARN_NON_LITERAL_NULL_CONVERSION = YES;
				CLANG_WARN_OBJC_IMPLICIT_RETAIN_SELF = YES;
				CLANG_WARN_OBJC_LITERAL_CONVERSION = YES;
				CLANG_WARN_OBJC_ROOT_CLASS = YES_ERROR;
				CLANG_WARN_RANGE_LOOP_ANALYSIS = YES;
				CLANG_WARN_STRICT_PROTOTYPES = YES;
				CLANG_WARN_SUSPICIOUS_MOVE = YES;
				CLANG_WARN_UNGUARDED_AVAILABILITY = YES_AGGRESSIVE;
				CLANG_WARN_UNREACHABLE_CODE = YES;
				CLANG_WARN__DUPLICATE_METHOD_MATCH = YES;
				COPY_PHASE_STRIP = NO;
				DEBUG_INFORMATION_FORMAT = dwarf;
				ENABLE_STRICT_OBJC_MSGSEND = YES;
				ENABLE_TESTABILITY = YES;
				GCC_C_LANGUAGE_STANDARD = gnu11;
				GCC_DYNAMIC_NO_PIC = NO;
				GCC_NO_COMMON_BLOCKS = YES;
				GCC_OPTIMIZATION_LEVEL = 0;
				GCC_PREPROCESSOR_DEFINITIONS = (
					"DEBUG=1",
					"$(inherited)",
				);
				GCC_WARN_64_TO_32_BIT_CONVERSION = YES;
				GCC_WARN_ABOUT_RETURN_TYPE = YES_ERROR;
				GCC_WARN_UNDECLARED_SELECTOR = YES;
				GCC_WARN_UNINITIALIZED_AUTOS = YES_AGGRESSIVE;
				GCC_WARN_UNUSED_FUNCTION = YES;
				GCC_WARN_UNUSED_VARIABLE = YES;
				IPHONEOS_DEPLOYMENT_TARGET = 13.6;
				MTL_ENABLE_DEBUG_INFO = INCLUDE_SOURCE;
				MTL_FAST_MATH = YES;
				ONLY_ACTIVE_ARCH = YES;
				SDKROOT = iphoneos;
				SWIFT_ACTIVE_COMPILATION_CONDITIONS = DEBUG;
				SWIFT_OPTIMIZATION_LEVEL = "-Onone";
			};
			name = Debug;
		};
		1B5DFF2824CB1EF40011CB56 /* Release */ = {
			isa = XCBuildConfiguration;
			buildSettings = {
				ALWAYS_SEARCH_USER_PATHS = NO;
				CLANG_ANALYZER_NONNULL = YES;
				CLANG_ANALYZER_NUMBER_OBJECT_CONVERSION = YES_AGGRESSIVE;
				CLANG_CXX_LANGUAGE_STANDARD = "gnu++14";
				CLANG_CXX_LIBRARY = "libc++";
				CLANG_ENABLE_MODULES = YES;
				CLANG_ENABLE_OBJC_ARC = YES;
				CLANG_ENABLE_OBJC_WEAK = YES;
				CLANG_WARN_BLOCK_CAPTURE_AUTORELEASING = YES;
				CLANG_WARN_BOOL_CONVERSION = YES;
				CLANG_WARN_COMMA = YES;
				CLANG_WARN_CONSTANT_CONVERSION = YES;
				CLANG_WARN_DEPRECATED_OBJC_IMPLEMENTATIONS = YES;
				CLANG_WARN_DIRECT_OBJC_ISA_USAGE = YES_ERROR;
				CLANG_WARN_DOCUMENTATION_COMMENTS = YES;
				CLANG_WARN_EMPTY_BODY = YES;
				CLANG_WARN_ENUM_CONVERSION = YES;
				CLANG_WARN_INFINITE_RECURSION = YES;
				CLANG_WARN_INT_CONVERSION = YES;
				CLANG_WARN_NON_LITERAL_NULL_CONVERSION = YES;
				CLANG_WARN_OBJC_IMPLICIT_RETAIN_SELF = YES;
				CLANG_WARN_OBJC_LITERAL_CONVERSION = YES;
				CLANG_WARN_OBJC_ROOT_CLASS = YES_ERROR;
				CLANG_WARN_RANGE_LOOP_ANALYSIS = YES;
				CLANG_WARN_STRICT_PROTOTYPES = YES;
				CLANG_WARN_SUSPICIOUS_MOVE = YES;
				CLANG_WARN_UNGUARDED_AVAILABILITY = YES_AGGRESSIVE;
				CLANG_WARN_UNREACHABLE_CODE = YES;
				CLANG_WARN__DUPLICATE_METHOD_MATCH = YES;
				COPY_PHASE_STRIP = NO;
				DEBUG_INFORMATION_FORMAT = "dwarf-with-dsym";
				ENABLE_NS_ASSERTIONS = NO;
				ENABLE_STRICT_OBJC_MSGSEND = YES;
				GCC_C_LANGUAGE_STANDARD = gnu11;
				GCC_NO_COMMON_BLOCKS = YES;
				GCC_WARN_64_TO_32_BIT_CONVERSION = YES;
				GCC_WARN_ABOUT_RETURN_TYPE = YES_ERROR;
				GCC_WARN_UNDECLARED_SELECTOR = YES;
				GCC_WARN_UNINITIALIZED_AUTOS = YES_AGGRESSIVE;
				GCC_WARN_UNUSED_FUNCTION = YES;
				GCC_WARN_UNUSED_VARIABLE = YES;
				IPHONEOS_DEPLOYMENT_TARGET = 13.6;
				MTL_ENABLE_DEBUG_INFO = NO;
				MTL_FAST_MATH = YES;
				SDKROOT = iphoneos;
				SWIFT_COMPILATION_MODE = wholemodule;
				SWIFT_OPTIMIZATION_LEVEL = "-O";
				VALIDATE_PRODUCT = YES;
			};
			name = Release;
		};
		1B5DFF2A24CB1EF40011CB56 /* Debug */ = {
			isa = XCBuildConfiguration;
			buildSettings = {
				ASSETCATALOG_COMPILER_APPICON_NAME = AppIcon;
				CODE_SIGN_STYLE = Automatic;
				DEVELOPMENT_TEAM = N824669R3R;
				INFOPLIST_FILE = CleanSwiftApp/Info.plist;
				LD_RUNPATH_SEARCH_PATHS = (
					"$(inherited)",
					"@executable_path/Frameworks",
				);
				PRODUCT_BUNDLE_IDENTIFIER = com.brv.ios.CleanSwiftApp;
				PRODUCT_NAME = "$(TARGET_NAME)";
				SWIFT_VERSION = 5.0;
				TARGETED_DEVICE_FAMILY = "1,2";
			};
			name = Debug;
		};
		1B5DFF2B24CB1EF40011CB56 /* Release */ = {
			isa = XCBuildConfiguration;
			buildSettings = {
				ASSETCATALOG_COMPILER_APPICON_NAME = AppIcon;
				CODE_SIGN_STYLE = Automatic;
				DEVELOPMENT_TEAM = N824669R3R;
				INFOPLIST_FILE = CleanSwiftApp/Info.plist;
				LD_RUNPATH_SEARCH_PATHS = (
					"$(inherited)",
					"@executable_path/Frameworks",
				);
				PRODUCT_BUNDLE_IDENTIFIER = com.brv.ios.CleanSwiftApp;
				PRODUCT_NAME = "$(TARGET_NAME)";
				SWIFT_VERSION = 5.0;
				TARGETED_DEVICE_FAMILY = "1,2";
			};
			name = Release;
		};
		1B5DFF2D24CB1EF40011CB56 /* Debug */ = {
			isa = XCBuildConfiguration;
			buildSettings = {
				ALWAYS_EMBED_SWIFT_STANDARD_LIBRARIES = YES;
				BUNDLE_LOADER = "$(TEST_HOST)";
				CODE_SIGN_STYLE = Automatic;
				DEVELOPMENT_TEAM = N824669R3R;
				INFOPLIST_FILE = CleanSwiftAppTests/Info.plist;
				IPHONEOS_DEPLOYMENT_TARGET = 13.6;
				LD_RUNPATH_SEARCH_PATHS = (
					"$(inherited)",
					"@executable_path/Frameworks",
					"@loader_path/Frameworks",
				);
				PRODUCT_BUNDLE_IDENTIFIER = com.brv.ios.CleanSwiftAppTests;
				PRODUCT_NAME = "$(TARGET_NAME)";
				SWIFT_VERSION = 5.0;
				TARGETED_DEVICE_FAMILY = "1,2";
				TEST_HOST = "$(BUILT_PRODUCTS_DIR)/CleanSwiftApp.app/CleanSwiftApp";
			};
			name = Debug;
		};
		1B5DFF2E24CB1EF40011CB56 /* Release */ = {
			isa = XCBuildConfiguration;
			buildSettings = {
				ALWAYS_EMBED_SWIFT_STANDARD_LIBRARIES = YES;
				BUNDLE_LOADER = "$(TEST_HOST)";
				CODE_SIGN_STYLE = Automatic;
				DEVELOPMENT_TEAM = N824669R3R;
				INFOPLIST_FILE = CleanSwiftAppTests/Info.plist;
				IPHONEOS_DEPLOYMENT_TARGET = 13.6;
				LD_RUNPATH_SEARCH_PATHS = (
					"$(inherited)",
					"@executable_path/Frameworks",
					"@loader_path/Frameworks",
				);
				PRODUCT_BUNDLE_IDENTIFIER = com.brv.ios.CleanSwiftAppTests;
				PRODUCT_NAME = "$(TARGET_NAME)";
				SWIFT_VERSION = 5.0;
				TARGETED_DEVICE_FAMILY = "1,2";
				TEST_HOST = "$(BUILT_PRODUCTS_DIR)/CleanSwiftApp.app/CleanSwiftApp";
			};
			name = Release;
		};
		1B5DFF3024CB1EF40011CB56 /* Debug */ = {
			isa = XCBuildConfiguration;
			buildSettings = {
				ALWAYS_EMBED_SWIFT_STANDARD_LIBRARIES = YES;
				CODE_SIGN_STYLE = Automatic;
				DEVELOPMENT_TEAM = N824669R3R;
				INFOPLIST_FILE = CleanSwiftAppUITests/Info.plist;
				LD_RUNPATH_SEARCH_PATHS = (
					"$(inherited)",
					"@executable_path/Frameworks",
					"@loader_path/Frameworks",
				);
				PRODUCT_BUNDLE_IDENTIFIER = com.brv.ios.CleanSwiftAppUITests;
				PRODUCT_NAME = "$(TARGET_NAME)";
				SWIFT_VERSION = 5.0;
				TARGETED_DEVICE_FAMILY = "1,2";
				TEST_TARGET_NAME = CleanSwiftApp;
			};
			name = Debug;
		};
		1B5DFF3124CB1EF40011CB56 /* Release */ = {
			isa = XCBuildConfiguration;
			buildSettings = {
				ALWAYS_EMBED_SWIFT_STANDARD_LIBRARIES = YES;
				CODE_SIGN_STYLE = Automatic;
				DEVELOPMENT_TEAM = N824669R3R;
				INFOPLIST_FILE = CleanSwiftAppUITests/Info.plist;
				LD_RUNPATH_SEARCH_PATHS = (
					"$(inherited)",
					"@executable_path/Frameworks",
					"@loader_path/Frameworks",
				);
				PRODUCT_BUNDLE_IDENTIFIER = com.brv.ios.CleanSwiftAppUITests;
				PRODUCT_NAME = "$(TARGET_NAME)";
				SWIFT_VERSION = 5.0;
				TARGETED_DEVICE_FAMILY = "1,2";
				TEST_TARGET_NAME = CleanSwiftApp;
			};
			name = Release;
		};
/* End XCBuildConfiguration section */

/* Begin XCConfigurationList section */
		1B5DFEFA24CB1EF20011CB56 /* Build configuration list for PBXProject "CleanSwiftApp" */ = {
			isa = XCConfigurationList;
			buildConfigurations = (
				1B5DFF2724CB1EF40011CB56 /* Debug */,
				1B5DFF2824CB1EF40011CB56 /* Release */,
			);
			defaultConfigurationIsVisible = 0;
			defaultConfigurationName = Release;
		};
		1B5DFF2924CB1EF40011CB56 /* Build configuration list for PBXNativeTarget "CleanSwiftApp" */ = {
			isa = XCConfigurationList;
			buildConfigurations = (
				1B5DFF2A24CB1EF40011CB56 /* Debug */,
				1B5DFF2B24CB1EF40011CB56 /* Release */,
			);
			defaultConfigurationIsVisible = 0;
			defaultConfigurationName = Release;
		};
		1B5DFF2C24CB1EF40011CB56 /* Build configuration list for PBXNativeTarget "CleanSwiftAppTests" */ = {
			isa = XCConfigurationList;
			buildConfigurations = (
				1B5DFF2D24CB1EF40011CB56 /* Debug */,
				1B5DFF2E24CB1EF40011CB56 /* Release */,
			);
			defaultConfigurationIsVisible = 0;
			defaultConfigurationName = Release;
		};
		1B5DFF2F24CB1EF40011CB56 /* Build configuration list for PBXNativeTarget "CleanSwiftAppUITests" */ = {
			isa = XCConfigurationList;
			buildConfigurations = (
				1B5DFF3024CB1EF40011CB56 /* Debug */,
				1B5DFF3124CB1EF40011CB56 /* Release */,
			);
			defaultConfigurationIsVisible = 0;
			defaultConfigurationName = Release;
		};
/* End XCConfigurationList section */
	};
	rootObject = 1B5DFEF724CB1EF20011CB56 /* Project object */;
}
